// !$*UTF8*$!
{
	archiveVersion = 1;
	classes = {
	};
	objectVersion = 55;
	objects = {

/* Begin PBXBuildFile section */
		B109E47328C6FE14006E5B26 /* Kounter+CoreDataClass.swift in Sources */ = {isa = PBXBuildFile; fileRef = B109E47128C6FE14006E5B26 /* Kounter+CoreDataClass.swift */; };
		B109E47428C6FE14006E5B26 /* Kounter+CoreDataProperties.swift in Sources */ = {isa = PBXBuildFile; fileRef = B109E47228C6FE14006E5B26 /* Kounter+CoreDataProperties.swift */; };
		B1434EAF28C29B8800441CAD /* KitCountApp.swift in Sources */ = {isa = PBXBuildFile; fileRef = B1434EAE28C29B8800441CAD /* KitCountApp.swift */; };
		B1434EB128C29B8800441CAD /* KounterListView.swift in Sources */ = {isa = PBXBuildFile; fileRef = B1434EB028C29B8800441CAD /* KounterListView.swift */; };
		B1434EB328C29B8800441CAD /* Assets.xcassets in Resources */ = {isa = PBXBuildFile; fileRef = B1434EB228C29B8800441CAD /* Assets.xcassets */; };
		B1434EB628C29B8800441CAD /* Preview Assets.xcassets in Resources */ = {isa = PBXBuildFile; fileRef = B1434EB528C29B8800441CAD /* Preview Assets.xcassets */; };
		B1434EB828C29B8800441CAD /* PersistenceController.swift in Sources */ = {isa = PBXBuildFile; fileRef = B1434EB728C29B8800441CAD /* PersistenceController.swift */; };
		B1434EBB28C29B8800441CAD /* KitCount.xcdatamodeld in Sources */ = {isa = PBXBuildFile; fileRef = B1434EB928C29B8800441CAD /* KitCount.xcdatamodeld */; };
		B1434EC528C29B8800441CAD /* KitCountTests.swift in Sources */ = {isa = PBXBuildFile; fileRef = B1434EC428C29B8800441CAD /* KitCountTests.swift */; };
		B1434ECF28C29B8800441CAD /* KitCountUITests.swift in Sources */ = {isa = PBXBuildFile; fileRef = B1434ECE28C29B8800441CAD /* KitCountUITests.swift */; };
		B1434ED128C29B8800441CAD /* KitCountUITestsLaunchTests.swift in Sources */ = {isa = PBXBuildFile; fileRef = B1434ED028C29B8800441CAD /* KitCountUITestsLaunchTests.swift */; };
		B1502D8428C94EB1004169CA /* UtilsExtensions.swift in Sources */ = {isa = PBXBuildFile; fileRef = B1502D8328C94EB1004169CA /* UtilsExtensions.swift */; };
		B1589BA828CD783C00D64F08 /* KounterListEntry.swift in Sources */ = {isa = PBXBuildFile; fileRef = B1589BA728CD783C00D64F08 /* KounterListEntry.swift */; };
		B1592DB128C799B600E3B3DE /* KounterDetailsView.swift in Sources */ = {isa = PBXBuildFile; fileRef = B1592DB028C799B600E3B3DE /* KounterDetailsView.swift */; };
		B19AC5B128D55398006B93B7 /* NewKounterStep2SheetView.swift in Sources */ = {isa = PBXBuildFile; fileRef = B19AC5B028D55398006B93B7 /* NewKounterStep2SheetView.swift */; };
		B1FA283A28CE1BD700BA0C99 /* NewKounterStep1SheetView.swift in Sources */ = {isa = PBXBuildFile; fileRef = B1FA283928CE1BD700BA0C99 /* NewKounterStep1SheetView.swift */; };
/* End PBXBuildFile section */

/* Begin PBXContainerItemProxy section */
		B1434EC128C29B8800441CAD /* PBXContainerItemProxy */ = {
			isa = PBXContainerItemProxy;
			containerPortal = B1434EA328C29B8800441CAD /* Project object */;
			proxyType = 1;
			remoteGlobalIDString = B1434EAA28C29B8800441CAD;
			remoteInfo = KitCount;
		};
		B1434ECB28C29B8800441CAD /* PBXContainerItemProxy */ = {
			isa = PBXContainerItemProxy;
			containerPortal = B1434EA328C29B8800441CAD /* Project object */;
			proxyType = 1;
			remoteGlobalIDString = B1434EAA28C29B8800441CAD;
			remoteInfo = KitCount;
		};
/* End PBXContainerItemProxy section */

/* Begin PBXFileReference section */
		B109E47128C6FE14006E5B26 /* Kounter+CoreDataClass.swift */ = {isa = PBXFileReference; lastKnownFileType = sourcecode.swift; path = "Kounter+CoreDataClass.swift"; sourceTree = "<group>"; };
		B109E47228C6FE14006E5B26 /* Kounter+CoreDataProperties.swift */ = {isa = PBXFileReference; lastKnownFileType = sourcecode.swift; path = "Kounter+CoreDataProperties.swift"; sourceTree = "<group>"; };
		B1434EAB28C29B8800441CAD /* KitCount.app */ = {isa = PBXFileReference; explicitFileType = wrapper.application; includeInIndex = 0; path = KitCount.app; sourceTree = BUILT_PRODUCTS_DIR; };
		B1434EAE28C29B8800441CAD /* KitCountApp.swift */ = {isa = PBXFileReference; lastKnownFileType = sourcecode.swift; path = KitCountApp.swift; sourceTree = "<group>"; };
		B1434EB028C29B8800441CAD /* KounterListView.swift */ = {isa = PBXFileReference; lastKnownFileType = sourcecode.swift; path = KounterListView.swift; sourceTree = "<group>"; };
		B1434EB228C29B8800441CAD /* Assets.xcassets */ = {isa = PBXFileReference; lastKnownFileType = folder.assetcatalog; path = Assets.xcassets; sourceTree = "<group>"; };
		B1434EB528C29B8800441CAD /* Preview Assets.xcassets */ = {isa = PBXFileReference; lastKnownFileType = folder.assetcatalog; path = "Preview Assets.xcassets"; sourceTree = "<group>"; };
		B1434EB728C29B8800441CAD /* PersistenceController.swift */ = {isa = PBXFileReference; lastKnownFileType = sourcecode.swift; path = PersistenceController.swift; sourceTree = "<group>"; };
		B1434EBA28C29B8800441CAD /* KitCount.xcdatamodel */ = {isa = PBXFileReference; lastKnownFileType = wrapper.xcdatamodel; path = KitCount.xcdatamodel; sourceTree = "<group>"; };
		B1434EC028C29B8800441CAD /* KitCountTests.xctest */ = {isa = PBXFileReference; explicitFileType = wrapper.cfbundle; includeInIndex = 0; path = KitCountTests.xctest; sourceTree = BUILT_PRODUCTS_DIR; };
		B1434EC428C29B8800441CAD /* KitCountTests.swift */ = {isa = PBXFileReference; lastKnownFileType = sourcecode.swift; path = KitCountTests.swift; sourceTree = "<group>"; };
		B1434ECA28C29B8800441CAD /* KitCountUITests.xctest */ = {isa = PBXFileReference; explicitFileType = wrapper.cfbundle; includeInIndex = 0; path = KitCountUITests.xctest; sourceTree = BUILT_PRODUCTS_DIR; };
		B1434ECE28C29B8800441CAD /* KitCountUITests.swift */ = {isa = PBXFileReference; lastKnownFileType = sourcecode.swift; path = KitCountUITests.swift; sourceTree = "<group>"; };
		B1434ED028C29B8800441CAD /* KitCountUITestsLaunchTests.swift */ = {isa = PBXFileReference; lastKnownFileType = sourcecode.swift; path = KitCountUITestsLaunchTests.swift; sourceTree = "<group>"; };
		B1502D8328C94EB1004169CA /* UtilsExtensions.swift */ = {isa = PBXFileReference; lastKnownFileType = sourcecode.swift; path = UtilsExtensions.swift; sourceTree = "<group>"; };
		B1589BA728CD783C00D64F08 /* KounterListEntry.swift */ = {isa = PBXFileReference; lastKnownFileType = sourcecode.swift; path = KounterListEntry.swift; sourceTree = "<group>"; };
		B1592DB028C799B600E3B3DE /* KounterDetailsView.swift */ = {isa = PBXFileReference; lastKnownFileType = sourcecode.swift; path = KounterDetailsView.swift; sourceTree = "<group>"; };
		B19AC5B028D55398006B93B7 /* NewKounterStep2SheetView.swift */ = {isa = PBXFileReference; lastKnownFileType = sourcecode.swift; path = NewKounterStep2SheetView.swift; sourceTree = "<group>"; };
		B1FA283928CE1BD700BA0C99 /* NewKounterStep1SheetView.swift */ = {isa = PBXFileReference; lastKnownFileType = sourcecode.swift; path = NewKounterStep1SheetView.swift; sourceTree = "<group>"; };
/* End PBXFileReference section */

/* Begin PBXFrameworksBuildPhase section */
		B1434EA828C29B8800441CAD /* Frameworks */ = {
			isa = PBXFrameworksBuildPhase;
			buildActionMask = 2147483647;
			files = (
			);
			runOnlyForDeploymentPostprocessing = 0;
		};
		B1434EBD28C29B8800441CAD /* Frameworks */ = {
			isa = PBXFrameworksBuildPhase;
			buildActionMask = 2147483647;
			files = (
			);
			runOnlyForDeploymentPostprocessing = 0;
		};
		B1434EC728C29B8800441CAD /* Frameworks */ = {
			isa = PBXFrameworksBuildPhase;
			buildActionMask = 2147483647;
			files = (
			);
			runOnlyForDeploymentPostprocessing = 0;
		};
/* End PBXFrameworksBuildPhase section */

/* Begin PBXGroup section */
		B109E47528C6FE18006E5B26 /* Persistence */ = {
			isa = PBXGroup;
			children = (
				B1434EB928C29B8800441CAD /* KitCount.xcdatamodeld */,
				B1434EB728C29B8800441CAD /* PersistenceController.swift */,
				B109E47128C6FE14006E5B26 /* Kounter+CoreDataClass.swift */,
				B109E47228C6FE14006E5B26 /* Kounter+CoreDataProperties.swift */,
			);
			path = Persistence;
			sourceTree = "<group>";
		};
		B1434EA228C29B8800441CAD = {
			isa = PBXGroup;
			children = (
				B1434EAD28C29B8800441CAD /* KitCount */,
				B1434EC328C29B8800441CAD /* KitCountTests */,
				B1434ECD28C29B8800441CAD /* KitCountUITests */,
				B1434EAC28C29B8800441CAD /* Products */,
			);
			sourceTree = "<group>";
		};
		B1434EAC28C29B8800441CAD /* Products */ = {
			isa = PBXGroup;
			children = (
				B1434EAB28C29B8800441CAD /* KitCount.app */,
				B1434EC028C29B8800441CAD /* KitCountTests.xctest */,
				B1434ECA28C29B8800441CAD /* KitCountUITests.xctest */,
			);
			name = Products;
			sourceTree = "<group>";
		};
		B1434EAD28C29B8800441CAD /* KitCount */ = {
			isa = PBXGroup;
			children = (
				B1E0B2F628C9812F002D0EE6 /* Assets */,
				B1502D8228C94EA0004169CA /* Extensions */,
				B1592DAF28C799A200E3B3DE /* Views */,
				B109E47528C6FE18006E5B26 /* Persistence */,
				B1434EAE28C29B8800441CAD /* KitCountApp.swift */,
				B1434EB428C29B8800441CAD /* Preview Content */,
			);
			path = KitCount;
			sourceTree = "<group>";
		};
		B1434EB428C29B8800441CAD /* Preview Content */ = {
			isa = PBXGroup;
			children = (
				B1434EB528C29B8800441CAD /* Preview Assets.xcassets */,
			);
			path = "Preview Content";
			sourceTree = "<group>";
		};
		B1434EC328C29B8800441CAD /* KitCountTests */ = {
			isa = PBXGroup;
			children = (
				B1434EC428C29B8800441CAD /* KitCountTests.swift */,
			);
			path = KitCountTests;
			sourceTree = "<group>";
		};
		B1434ECD28C29B8800441CAD /* KitCountUITests */ = {
			isa = PBXGroup;
			children = (
				B1434ECE28C29B8800441CAD /* KitCountUITests.swift */,
				B1434ED028C29B8800441CAD /* KitCountUITestsLaunchTests.swift */,
			);
			path = KitCountUITests;
			sourceTree = "<group>";
		};
		B1502D8228C94EA0004169CA /* Extensions */ = {
			isa = PBXGroup;
			children = (
				B1502D8328C94EB1004169CA /* UtilsExtensions.swift */,
			);
			path = Extensions;
			sourceTree = "<group>";
		};
		B1592DAF28C799A200E3B3DE /* Views */ = {
			isa = PBXGroup;
			children = (
				B19AC5AE28D552E5006B93B7 /* Sheets */,
				B1FA283828CE1B9F00BA0C99 /* Components */,
				B1434EB028C29B8800441CAD /* KounterListView.swift */,
				B1592DB028C799B600E3B3DE /* KounterDetailsView.swift */,
			);
			path = Views;
			sourceTree = "<group>";
		};
		B19AC5AE28D552E5006B93B7 /* Sheets */ = {
			isa = PBXGroup;
			children = (
				B19AC5AF28D552ED006B93B7 /* NewKounter */,
			);
			path = Sheets;
			sourceTree = "<group>";
		};
		B19AC5AF28D552ED006B93B7 /* NewKounter */ = {
			isa = PBXGroup;
			children = (
				B1FA283928CE1BD700BA0C99 /* NewKounterStep1SheetView.swift */,
				B19AC5B028D55398006B93B7 /* NewKounterStep2SheetView.swift */,
			);
			path = NewKounter;
			sourceTree = "<group>";
		};
		B1E0B2F628C9812F002D0EE6 /* Assets */ = {
			isa = PBXGroup;
			children = (
				B1434EB228C29B8800441CAD /* Assets.xcassets */,
			);
			path = Assets;
			sourceTree = "<group>";
		};
		B1FA283828CE1B9F00BA0C99 /* Components */ = {
			isa = PBXGroup;
			children = (
				B1589BA728CD783C00D64F08 /* KounterListEntry.swift */,
			);
			path = Components;
			sourceTree = "<group>";
		};
/* End PBXGroup section */

/* Begin PBXNativeTarget section */
		B1434EAA28C29B8800441CAD /* KitCount */ = {
			isa = PBXNativeTarget;
			buildConfigurationList = B1434ED428C29B8800441CAD /* Build configuration list for PBXNativeTarget "KitCount" */;
			buildPhases = (
				B1434EA728C29B8800441CAD /* Sources */,
				B1434EA828C29B8800441CAD /* Frameworks */,
				B1434EA928C29B8800441CAD /* Resources */,
			);
			buildRules = (
			);
			dependencies = (
			);
			name = KitCount;
			productName = KitCount;
			productReference = B1434EAB28C29B8800441CAD /* KitCount.app */;
			productType = "com.apple.product-type.application";
		};
		B1434EBF28C29B8800441CAD /* KitCountTests */ = {
			isa = PBXNativeTarget;
			buildConfigurationList = B1434ED728C29B8800441CAD /* Build configuration list for PBXNativeTarget "KitCountTests" */;
			buildPhases = (
				B1434EBC28C29B8800441CAD /* Sources */,
				B1434EBD28C29B8800441CAD /* Frameworks */,
				B1434EBE28C29B8800441CAD /* Resources */,
			);
			buildRules = (
			);
			dependencies = (
				B1434EC228C29B8800441CAD /* PBXTargetDependency */,
			);
			name = KitCountTests;
			productName = KitCountTests;
			productReference = B1434EC028C29B8800441CAD /* KitCountTests.xctest */;
			productType = "com.apple.product-type.bundle.unit-test";
		};
		B1434EC928C29B8800441CAD /* KitCountUITests */ = {
			isa = PBXNativeTarget;
			buildConfigurationList = B1434EDA28C29B8800441CAD /* Build configuration list for PBXNativeTarget "KitCountUITests" */;
			buildPhases = (
				B1434EC628C29B8800441CAD /* Sources */,
				B1434EC728C29B8800441CAD /* Frameworks */,
				B1434EC828C29B8800441CAD /* Resources */,
			);
			buildRules = (
			);
			dependencies = (
				B1434ECC28C29B8800441CAD /* PBXTargetDependency */,
			);
			name = KitCountUITests;
			productName = KitCountUITests;
			productReference = B1434ECA28C29B8800441CAD /* KitCountUITests.xctest */;
			productType = "com.apple.product-type.bundle.ui-testing";
		};
/* End PBXNativeTarget section */

/* Begin PBXProject section */
		B1434EA328C29B8800441CAD /* Project object */ = {
			isa = PBXProject;
			attributes = {
				BuildIndependentTargetsInParallel = 1;
				LastSwiftUpdateCheck = 1340;
				LastUpgradeCheck = 1340;
				TargetAttributes = {
					B1434EAA28C29B8800441CAD = {
						CreatedOnToolsVersion = 13.4.1;
					};
					B1434EBF28C29B8800441CAD = {
						CreatedOnToolsVersion = 13.4.1;
						TestTargetID = B1434EAA28C29B8800441CAD;
					};
					B1434EC928C29B8800441CAD = {
						CreatedOnToolsVersion = 13.4.1;
						TestTargetID = B1434EAA28C29B8800441CAD;
					};
				};
			};
			buildConfigurationList = B1434EA628C29B8800441CAD /* Build configuration list for PBXProject "KitCount" */;
			compatibilityVersion = "Xcode 13.0";
			developmentRegion = en;
			hasScannedForEncodings = 0;
			knownRegions = (
				en,
				Base,
			);
			mainGroup = B1434EA228C29B8800441CAD;
			productRefGroup = B1434EAC28C29B8800441CAD /* Products */;
			projectDirPath = "";
			projectRoot = "";
			targets = (
				B1434EAA28C29B8800441CAD /* KitCount */,
				B1434EBF28C29B8800441CAD /* KitCountTests */,
				B1434EC928C29B8800441CAD /* KitCountUITests */,
			);
		};
/* End PBXProject section */

/* Begin PBXResourcesBuildPhase section */
		B1434EA928C29B8800441CAD /* Resources */ = {
			isa = PBXResourcesBuildPhase;
			buildActionMask = 2147483647;
			files = (
				B1434EB628C29B8800441CAD /* Preview Assets.xcassets in Resources */,
				B1434EB328C29B8800441CAD /* Assets.xcassets in Resources */,
			);
			runOnlyForDeploymentPostprocessing = 0;
		};
		B1434EBE28C29B8800441CAD /* Resources */ = {
			isa = PBXResourcesBuildPhase;
			buildActionMask = 2147483647;
			files = (
			);
			runOnlyForDeploymentPostprocessing = 0;
		};
		B1434EC828C29B8800441CAD /* Resources */ = {
			isa = PBXResourcesBuildPhase;
			buildActionMask = 2147483647;
			files = (
			);
			runOnlyForDeploymentPostprocessing = 0;
		};
/* End PBXResourcesBuildPhase section */

/* Begin PBXSourcesBuildPhase section */
		B1434EA728C29B8800441CAD /* Sources */ = {
			isa = PBXSourcesBuildPhase;
			buildActionMask = 2147483647;
			files = (
				B1434EB828C29B8800441CAD /* PersistenceController.swift in Sources */,
				B1502D8428C94EB1004169CA /* UtilsExtensions.swift in Sources */,
				B109E47428C6FE14006E5B26 /* Kounter+CoreDataProperties.swift in Sources */,
				B1434EB128C29B8800441CAD /* KounterListView.swift in Sources */,
				B109E47328C6FE14006E5B26 /* Kounter+CoreDataClass.swift in Sources */,
				B1589BA828CD783C00D64F08 /* KounterListEntry.swift in Sources */,
				B1FA283A28CE1BD700BA0C99 /* NewKounterStep1SheetView.swift in Sources */,
				B1592DB128C799B600E3B3DE /* KounterDetailsView.swift in Sources */,
				B19AC5B128D55398006B93B7 /* NewKounterStep2SheetView.swift in Sources */,
				B1434EBB28C29B8800441CAD /* KitCount.xcdatamodeld in Sources */,
				B1434EAF28C29B8800441CAD /* KitCountApp.swift in Sources */,
			);
			runOnlyForDeploymentPostprocessing = 0;
		};
		B1434EBC28C29B8800441CAD /* Sources */ = {
			isa = PBXSourcesBuildPhase;
			buildActionMask = 2147483647;
			files = (
				B1434EC528C29B8800441CAD /* KitCountTests.swift in Sources */,
			);
			runOnlyForDeploymentPostprocessing = 0;
		};
		B1434EC628C29B8800441CAD /* Sources */ = {
			isa = PBXSourcesBuildPhase;
			buildActionMask = 2147483647;
			files = (
				B1434ED128C29B8800441CAD /* KitCountUITestsLaunchTests.swift in Sources */,
				B1434ECF28C29B8800441CAD /* KitCountUITests.swift in Sources */,
			);
			runOnlyForDeploymentPostprocessing = 0;
		};
/* End PBXSourcesBuildPhase section */

/* Begin PBXTargetDependency section */
		B1434EC228C29B8800441CAD /* PBXTargetDependency */ = {
			isa = PBXTargetDependency;
			target = B1434EAA28C29B8800441CAD /* KitCount */;
			targetProxy = B1434EC128C29B8800441CAD /* PBXContainerItemProxy */;
		};
		B1434ECC28C29B8800441CAD /* PBXTargetDependency */ = {
			isa = PBXTargetDependency;
			target = B1434EAA28C29B8800441CAD /* KitCount */;
			targetProxy = B1434ECB28C29B8800441CAD /* PBXContainerItemProxy */;
		};
/* End PBXTargetDependency section */

/* Begin XCBuildConfiguration section */
		B1434ED228C29B8800441CAD /* Debug */ = {
			isa = XCBuildConfiguration;
			buildSettings = {
				ALWAYS_SEARCH_USER_PATHS = NO;
				CLANG_ANALYZER_NONNULL = YES;
				CLANG_ANALYZER_NUMBER_OBJECT_CONVERSION = YES_AGGRESSIVE;
				CLANG_CXX_LANGUAGE_STANDARD = "gnu++17";
				CLANG_ENABLE_MODULES = YES;
				CLANG_ENABLE_OBJC_ARC = YES;
				CLANG_ENABLE_OBJC_WEAK = YES;
				CLANG_WARN_BLOCK_CAPTURE_AUTORELEASING = YES;
				CLANG_WARN_BOOL_CONVERSION = YES;
				CLANG_WARN_COMMA = YES;
				CLANG_WARN_CONSTANT_CONVERSION = YES;
				CLANG_WARN_DEPRECATED_OBJC_IMPLEMENTATIONS = YES;
				CLANG_WARN_DIRECT_OBJC_ISA_USAGE = YES_ERROR;
				CLANG_WARN_DOCUMENTATION_COMMENTS = YES;
				CLANG_WARN_EMPTY_BODY = YES;
				CLANG_WARN_ENUM_CONVERSION = YES;
				CLANG_WARN_INFINITE_RECURSION = YES;
				CLANG_WARN_INT_CONVERSION = YES;
				CLANG_WARN_NON_LITERAL_NULL_CONVERSION = YES;
				CLANG_WARN_OBJC_IMPLICIT_RETAIN_SELF = YES;
				CLANG_WARN_OBJC_LITERAL_CONVERSION = YES;
				CLANG_WARN_OBJC_ROOT_CLASS = YES_ERROR;
				CLANG_WARN_QUOTED_INCLUDE_IN_FRAMEWORK_HEADER = YES;
				CLANG_WARN_RANGE_LOOP_ANALYSIS = YES;
				CLANG_WARN_STRICT_PROTOTYPES = YES;
				CLANG_WARN_SUSPICIOUS_MOVE = YES;
				CLANG_WARN_UNGUARDED_AVAILABILITY = YES_AGGRESSIVE;
				CLANG_WARN_UNREACHABLE_CODE = YES;
				CLANG_WARN__DUPLICATE_METHOD_MATCH = YES;
				COPY_PHASE_STRIP = NO;
				DEBUG_INFORMATION_FORMAT = dwarf;
				ENABLE_STRICT_OBJC_MSGSEND = YES;
				ENABLE_TESTABILITY = YES;
				GCC_C_LANGUAGE_STANDARD = gnu11;
				GCC_DYNAMIC_NO_PIC = NO;
				GCC_NO_COMMON_BLOCKS = YES;
				GCC_OPTIMIZATION_LEVEL = 0;
				GCC_PREPROCESSOR_DEFINITIONS = (
					"DEBUG=1",
					"$(inherited)",
				);
				GCC_WARN_64_TO_32_BIT_CONVERSION = YES;
				GCC_WARN_ABOUT_RETURN_TYPE = YES_ERROR;
				GCC_WARN_UNDECLARED_SELECTOR = YES;
				GCC_WARN_UNINITIALIZED_AUTOS = YES_AGGRESSIVE;
				GCC_WARN_UNUSED_FUNCTION = YES;
				GCC_WARN_UNUSED_VARIABLE = YES;
				IPHONEOS_DEPLOYMENT_TARGET = 15.5;
				MTL_ENABLE_DEBUG_INFO = INCLUDE_SOURCE;
				MTL_FAST_MATH = YES;
				ONLY_ACTIVE_ARCH = YES;
				SDKROOT = iphoneos;
				SWIFT_ACTIVE_COMPILATION_CONDITIONS = DEBUG;
				SWIFT_OPTIMIZATION_LEVEL = "-Onone";
			};
			name = Debug;
		};
		B1434ED328C29B8800441CAD /* Release */ = {
			isa = XCBuildConfiguration;
			buildSettings = {
				ALWAYS_SEARCH_USER_PATHS = NO;
				CLANG_ANALYZER_NONNULL = YES;
				CLANG_ANALYZER_NUMBER_OBJECT_CONVERSION = YES_AGGRESSIVE;
				CLANG_CXX_LANGUAGE_STANDARD = "gnu++17";
				CLANG_ENABLE_MODULES = YES;
				CLANG_ENABLE_OBJC_ARC = YES;
				CLANG_ENABLE_OBJC_WEAK = YES;
				CLANG_WARN_BLOCK_CAPTURE_AUTORELEASING = YES;
				CLANG_WARN_BOOL_CONVERSION = YES;
				CLANG_WARN_COMMA = YES;
				CLANG_WARN_CONSTANT_CONVERSION = YES;
				CLANG_WARN_DEPRECATED_OBJC_IMPLEMENTATIONS = YES;
				CLANG_WARN_DIRECT_OBJC_ISA_USAGE = YES_ERROR;
				CLANG_WARN_DOCUMENTATION_COMMENTS = YES;
				CLANG_WARN_EMPTY_BODY = YES;
				CLANG_WARN_ENUM_CONVERSION = YES;
				CLANG_WARN_INFINITE_RECURSION = YES;
				CLANG_WARN_INT_CONVERSION = YES;
				CLANG_WARN_NON_LITERAL_NULL_CONVERSION = YES;
				CLANG_WARN_OBJC_IMPLICIT_RETAIN_SELF = YES;
				CLANG_WARN_OBJC_LITERAL_CONVERSION = YES;
				CLANG_WARN_OBJC_ROOT_CLASS = YES_ERROR;
				CLANG_WARN_QUOTED_INCLUDE_IN_FRAMEWORK_HEADER = YES;
				CLANG_WARN_RANGE_LOOP_ANALYSIS = YES;
				CLANG_WARN_STRICT_PROTOTYPES = YES;
				CLANG_WARN_SUSPICIOUS_MOVE = YES;
				CLANG_WARN_UNGUARDED_AVAILABILITY = YES_AGGRESSIVE;
				CLANG_WARN_UNREACHABLE_CODE = YES;
				CLANG_WARN__DUPLICATE_METHOD_MATCH = YES;
				COPY_PHASE_STRIP = NO;
				DEBUG_INFORMATION_FORMAT = "dwarf-with-dsym";
				ENABLE_NS_ASSERTIONS = NO;
				ENABLE_STRICT_OBJC_MSGSEND = YES;
				GCC_C_LANGUAGE_STANDARD = gnu11;
				GCC_NO_COMMON_BLOCKS = YES;
				GCC_WARN_64_TO_32_BIT_CONVERSION = YES;
				GCC_WARN_ABOUT_RETURN_TYPE = YES_ERROR;
				GCC_WARN_UNDECLARED_SELECTOR = YES;
				GCC_WARN_UNINITIALIZED_AUTOS = YES_AGGRESSIVE;
				GCC_WARN_UNUSED_FUNCTION = YES;
				GCC_WARN_UNUSED_VARIABLE = YES;
				IPHONEOS_DEPLOYMENT_TARGET = 15.5;
				MTL_ENABLE_DEBUG_INFO = NO;
				MTL_FAST_MATH = YES;
				SDKROOT = iphoneos;
				SWIFT_COMPILATION_MODE = wholemodule;
				SWIFT_OPTIMIZATION_LEVEL = "-O";
				VALIDATE_PRODUCT = YES;
			};
			name = Release;
		};
		B1434ED528C29B8800441CAD /* Debug */ = {
			isa = XCBuildConfiguration;
			buildSettings = {
				ASSETCATALOG_COMPILER_APPICON_NAME = AppIcon;
				ASSETCATALOG_COMPILER_GLOBAL_ACCENT_COLOR_NAME = AccentColor;
				CODE_SIGN_STYLE = Automatic;
				CURRENT_PROJECT_VERSION = 1;
				DEVELOPMENT_ASSET_PATHS = "\"KitCount/Preview Content\"";
				DEVELOPMENT_TEAM = 3VU2UV9W5V;
				ENABLE_PREVIEWS = YES;
				GENERATE_INFOPLIST_FILE = YES;
				INFOPLIST_KEY_UIApplicationSceneManifest_Generation = YES;
				INFOPLIST_KEY_UIApplicationSupportsIndirectInputEvents = YES;
				INFOPLIST_KEY_UILaunchScreen_Generation = YES;
				INFOPLIST_KEY_UISupportedInterfaceOrientations = "UIInterfaceOrientationPortrait UIInterfaceOrientationLandscapeLeft UIInterfaceOrientationLandscapeRight";
				INFOPLIST_KEY_UISupportedInterfaceOrientations_iPad = "UIInterfaceOrientationPortrait UIInterfaceOrientationPortraitUpsideDown UIInterfaceOrientationLandscapeLeft UIInterfaceOrientationLandscapeRight";
				INFOPLIST_KEY_UISupportedInterfaceOrientations_iPhone = "UIInterfaceOrientationPortrait UIInterfaceOrientationLandscapeLeft UIInterfaceOrientationLandscapeRight";
				LD_RUNPATH_SEARCH_PATHS = (
					"$(inherited)",
					"@executable_path/Frameworks",
				);
				MARKETING_VERSION = 1.0;
				PRODUCT_BUNDLE_IDENTIFIER = "Marconi-Gomes.KitCount";
				PRODUCT_NAME = "$(TARGET_NAME)";
				SWIFT_EMIT_LOC_STRINGS = YES;
				SWIFT_VERSION = 5.0;
				TARGETED_DEVICE_FAMILY = "1,2";
			};
			name = Debug;
		};
		B1434ED628C29B8800441CAD /* Release */ = {
			isa = XCBuildConfiguration;
			buildSettings = {
				ASSETCATALOG_COMPILER_APPICON_NAME = AppIcon;
				ASSETCATALOG_COMPILER_GLOBAL_ACCENT_COLOR_NAME = AccentColor;
				CODE_SIGN_STYLE = Automatic;
				CURRENT_PROJECT_VERSION = 1;
				DEVELOPMENT_ASSET_PATHS = "\"KitCount/Preview Content\"";
				DEVELOPMENT_TEAM = 3VU2UV9W5V;
				ENABLE_PREVIEWS = YES;
				GENERATE_INFOPLIST_FILE = YES;
				INFOPLIST_KEY_UIApplicationSceneManifest_Generation = YES;
				INFOPLIST_KEY_UIApplicationSupportsIndirectInputEvents = YES;
				INFOPLIST_KEY_UILaunchScreen_Generation = YES;
				INFOPLIST_KEY_UISupportedInterfaceOrientations = "UIInterfaceOrientationPortrait UIInterfaceOrientationLandscapeLeft UIInterfaceOrientationLandscapeRight";
				INFOPLIST_KEY_UISupportedInterfaceOrientations_iPad = "UIInterfaceOrientationPortrait UIInterfaceOrientationPortraitUpsideDown UIInterfaceOrientationLandscapeLeft UIInterfaceOrientationLandscapeRight";
				INFOPLIST_KEY_UISupportedInterfaceOrientations_iPhone = "UIInterfaceOrientationPortrait UIInterfaceOrientationLandscapeLeft UIInterfaceOrientationLandscapeRight";
				LD_RUNPATH_SEARCH_PATHS = (
					"$(inherited)",
					"@executable_path/Frameworks",
				);
				MARKETING_VERSION = 1.0;
				PRODUCT_BUNDLE_IDENTIFIER = "Marconi-Gomes.KitCount";
				PRODUCT_NAME = "$(TARGET_NAME)";
				SWIFT_EMIT_LOC_STRINGS = YES;
				SWIFT_VERSION = 5.0;
				TARGETED_DEVICE_FAMILY = "1,2";
			};
			name = Release;
		};
		B1434ED828C29B8800441CAD /* Debug */ = {
			isa = XCBuildConfiguration;
			buildSettings = {
				ALWAYS_EMBED_SWIFT_STANDARD_LIBRARIES = YES;
				BUNDLE_LOADER = "$(TEST_HOST)";
				CODE_SIGN_STYLE = Automatic;
				CURRENT_PROJECT_VERSION = 1;
				DEVELOPMENT_TEAM = 3VU2UV9W5V;
				GENERATE_INFOPLIST_FILE = YES;
				IPHONEOS_DEPLOYMENT_TARGET = 15.5;
				MARKETING_VERSION = 1.0;
				PRODUCT_BUNDLE_IDENTIFIER = "Marconi-Gomes.KitCountTests";
				PRODUCT_NAME = "$(TARGET_NAME)";
				SWIFT_EMIT_LOC_STRINGS = NO;
				SWIFT_VERSION = 5.0;
				TARGETED_DEVICE_FAMILY = "1,2";
				TEST_HOST = "$(BUILT_PRODUCTS_DIR)/KitCount.app/KitCount";
			};
			name = Debug;
		};
		B1434ED928C29B8800441CAD /* Release */ = {
			isa = XCBuildConfiguration;
			buildSettings = {
				ALWAYS_EMBED_SWIFT_STANDARD_LIBRARIES = YES;
				BUNDLE_LOADER = "$(TEST_HOST)";
				CODE_SIGN_STYLE = Automatic;
				CURRENT_PROJECT_VERSION = 1;
				DEVELOPMENT_TEAM = 3VU2UV9W5V;
				GENERATE_INFOPLIST_FILE = YES;
				IPHONEOS_DEPLOYMENT_TARGET = 15.5;
				MARKETING_VERSION = 1.0;
				PRODUCT_BUNDLE_IDENTIFIER = "Marconi-Gomes.KitCountTests";
				PRODUCT_NAME = "$(TARGET_NAME)";
				SWIFT_EMIT_LOC_STRINGS = NO;
				SWIFT_VERSION = 5.0;
				TARGETED_DEVICE_FAMILY = "1,2";
				TEST_HOST = "$(BUILT_PRODUCTS_DIR)/KitCount.app/KitCount";
			};
			name = Release;
		};
		B1434EDB28C29B8800441CAD /* Debug */ = {
			isa = XCBuildConfiguration;
			buildSettings = {
				ALWAYS_EMBED_SWIFT_STANDARD_LIBRARIES = YES;
				CODE_SIGN_STYLE = Automatic;
				CURRENT_PROJECT_VERSION = 1;
				DEVELOPMENT_TEAM = 3VU2UV9W5V;
				GENERATE_INFOPLIST_FILE = YES;
				MARKETING_VERSION = 1.0;
				PRODUCT_BUNDLE_IDENTIFIER = "Marconi-Gomes.KitCountUITests";
				PRODUCT_NAME = "$(TARGET_NAME)";
				SWIFT_EMIT_LOC_STRINGS = NO;
				SWIFT_VERSION = 5.0;
				TARGETED_DEVICE_FAMILY = "1,2";
				TEST_TARGET_NAME = KitCount;
			};
			name = Debug;
		};
		B1434EDC28C29B8800441CAD /* Release */ = {
			isa = XCBuildConfiguration;
			buildSettings = {
				ALWAYS_EMBED_SWIFT_STANDARD_LIBRARIES = YES;
				CODE_SIGN_STYLE = Automatic;
				CURRENT_PROJECT_VERSION = 1;
				DEVELOPMENT_TEAM = 3VU2UV9W5V;
				GENERATE_INFOPLIST_FILE = YES;
				MARKETING_VERSION = 1.0;
				PRODUCT_BUNDLE_IDENTIFIER = "Marconi-Gomes.KitCountUITests";
				PRODUCT_NAME = "$(TARGET_NAME)";
				SWIFT_EMIT_LOC_STRINGS = NO;
				SWIFT_VERSION = 5.0;
				TARGETED_DEVICE_FAMILY = "1,2";
				TEST_TARGET_NAME = KitCount;
			};
			name = Release;
		};
/* End XCBuildConfiguration section */

/* Begin XCConfigurationList section */
		B1434EA628C29B8800441CAD /* Build configuration list for PBXProject "KitCount" */ = {
			isa = XCConfigurationList;
			buildConfigurations = (
				B1434ED228C29B8800441CAD /* Debug */,
				B1434ED328C29B8800441CAD /* Release */,
			);
			defaultConfigurationIsVisible = 0;
			defaultConfigurationName = Release;
		};
		B1434ED428C29B8800441CAD /* Build configuration list for PBXNativeTarget "KitCount" */ = {
			isa = XCConfigurationList;
			buildConfigurations = (
				B1434ED528C29B8800441CAD /* Debug */,
				B1434ED628C29B8800441CAD /* Release */,
			);
			defaultConfigurationIsVisible = 0;
			defaultConfigurationName = Release;
		};
		B1434ED728C29B8800441CAD /* Build configuration list for PBXNativeTarget "KitCountTests" */ = {
			isa = XCConfigurationList;
			buildConfigurations = (
				B1434ED828C29B8800441CAD /* Debug */,
				B1434ED928C29B8800441CAD /* Release */,
			);
			defaultConfigurationIsVisible = 0;
			defaultConfigurationName = Release;
		};
		B1434EDA28C29B8800441CAD /* Build configuration list for PBXNativeTarget "KitCountUITests" */ = {
			isa = XCConfigurationList;
			buildConfigurations = (
				B1434EDB28C29B8800441CAD /* Debug */,
				B1434EDC28C29B8800441CAD /* Release */,
			);
			defaultConfigurationIsVisible = 0;
			defaultConfigurationName = Release;
		};
/* End XCConfigurationList section */

/* Begin XCVersionGroup section */
		B1434EB928C29B8800441CAD /* KitCount.xcdatamodeld */ = {
			isa = XCVersionGroup;
			children = (
				B1434EBA28C29B8800441CAD /* KitCount.xcdatamodel */,
			);
			currentVersion = B1434EBA28C29B8800441CAD /* KitCount.xcdatamodel */;
			path = KitCount.xcdatamodeld;
			sourceTree = "<group>";
			versionGroupType = wrapper.xcdatamodel;
		};
/* End XCVersionGroup section */
	};
	rootObject = B1434EA328C29B8800441CAD /* Project object */;
}
